<?xml version="1.0" encoding="utf-8"?>
<Project ToolsVersion="4.0" xmlns="http://schemas.microsoft.com/developer/msbuild/2003">
  <ItemGroup>
    <Filter Include="Source Files">
      <UniqueIdentifier>{4FC737F1-C7A5-4376-A066-2A32D752A2FF}</UniqueIdentifier>
      <Extensions>cpp;c;cc;cxx;def;odl;idl;hpj;bat;asm;asmx</Extensions>
    </Filter>
    <Filter Include="Header Files">
      <UniqueIdentifier>{93995380-89BD-4b04-88EB-625FBE52EBFB}</UniqueIdentifier>
      <Extensions>h;hpp;hxx;hm;inl;inc;xsd</Extensions>
    </Filter>
    <Filter Include="Header Files\Reports">
      <UniqueIdentifier>{062d27eb-c6d9-44d5-a3d5-3aeaaba661e1}</UniqueIdentifier>
    </Filter>
    <Filter Include="Source Files\Reports">
      <UniqueIdentifier>{0eec6027-7acb-41bc-a8ee-c120dc1356dd}</UniqueIdentifier>
    </Filter>
  </ItemGroup>
  <ItemGroup>
    <ClInclude Include="..\..\src\ActiveDataTestLib\Reports\ActTestLib_DescriptionProc.h">
      <Filter>Header Files\Reports</Filter>
    </ClInclude>
    <ClInclude Include="..\..\src\ActiveDataTestLib\Reports\ActTestLib_ReportRenderer.h">
      <Filter>Header Files\Reports</Filter>
    </ClInclude>
    <ClInclude Include="..\..\src\ActiveDataTestLib\Reports\ActTestLib_ReportStyle.h">
      <Filter>Header Files\Reports</Filter>
    </ClInclude>
    <ClInclude Include="..\..\src\ActiveDataTestLib\Reports\ActTestLib_ReportStyleFactory.h">
      <Filter>Header Files\Reports</Filter>
    </ClInclude>
    <ClInclude Include="..\..\src\ActiveDataTestLib\Reports\ActTestLib_ReportTag.h">
      <Filter>Header Files\Reports</Filter>
    </ClInclude>
    <ClInclude Include="..\..\src\ActiveDataTestLib\Reports\ActTestLib_ReportTagFactory.h">
      <Filter>Header Files\Reports</Filter>
    </ClInclude>
    <ClInclude Include="..\..\src\ActiveDataTestLib\ActTestLib.h">
      <Filter>Header Files</Filter>
    </ClInclude>
    <ClInclude Include="..\..\src\ActiveDataTestLib\ActTestLib_Launcher.h">
      <Filter>Header Files</Filter>
    </ClInclude>
    <ClInclude Include="..\..\src\ActiveDataTestLib\ActTestLib_Macro.h">
      <Filter>Header Files</Filter>
    </ClInclude>
    <ClInclude Include="..\..\src\ActiveDataTestLib\ActTestLib_TestCase.h">
      <Filter>Header Files</Filter>
    </ClInclude>
    <ClInclude Include="..\..\src\ActiveDataTestLib\ActTestLib_Common.h">
      <Filter>Header Files</Filter>
    </ClInclude>
    <ClInclude Include="..\..\src\ActiveDataTestLib\ActTestLib_FileComparator.h">
      <Filter>Header Files</Filter>
    </ClInclude>
  </ItemGroup>
  <ItemGroup>
    <ClCompile Include="..\..\src\ActiveDataTestLib\Reports\ActTestLib_DescriptionProc.cpp">
      <Filter>Source Files\Reports</Filter>
    </ClCompile>
    <ClCompile Include="..\..\src\ActiveDataTestLib\Reports\ActTestLib_ReportRenderer.cpp">
      <Filter>Source Files\Reports</Filter>
    </ClCompile>
    <ClCompile Include="..\..\src\ActiveDataTestLib\Reports\ActTestLib_ReportStyle.cpp">
      <Filter>Source Files\Reports</Filter>
    </ClCompile>
    <ClCompile Include="..\..\src\ActiveDataTestLib\Reports\ActTestLib_ReportStyleFactory.cpp">
      <Filter>Source Files\Reports</Filter>
    </ClCompile>
    <ClCompile Include="..\..\src\ActiveDataTestLib\Reports\ActTestLib_ReportTag.cpp">
      <Filter>Source Files\Reports</Filter>
    </ClCompile>
    <ClCompile Include="..\..\src\ActiveDataTestLib\Reports\ActTestLib_ReportTagFactory.cpp">
      <Filter>Source Files\Reports</Filter>
    </ClCompile>
    <ClCompile Include="..\..\src\ActiveDataTestLib\ActTestLib_Launcher.cpp">
      <Filter>Source Files</Filter>
    </ClCompile>
    <ClCompile Include="..\..\src\ActiveDataTestLib\ActTestLib_TestCase.cpp">
      <Filter>Source Files</Filter>
    </ClCompile>
    <ClCompile Include="..\..\src\ActiveDataTestLib\ActTestLib_Common.cpp">
      <Filter>Source Files</Filter>
    </ClCompile>
    <ClCompile Include="..\..\src\ActiveDataTestLib\ActTestLib_FileComparator.cpp">
      <Filter>Source Files</Filter>
    </ClCompile>
  </ItemGroup>
</Project>